// !$*UTF8*$!
{
	archiveVersion = 1;
	classes = {
	};
	objectVersion = 51;
	objects = {

/* Begin PBXBuildFile section */
		472F233A274C37FF00FE5448 /* MapViewController.swift in Sources */ = {isa = PBXBuildFile; fileRef = 472F2339274C37FF00FE5448 /* MapViewController.swift */; };
		A271EE112742E73900A82F5E /* ExcerciseSelectionViewController.swift in Sources */ = {isa = PBXBuildFile; fileRef = A271EE102742E73900A82F5E /* ExcerciseSelectionViewController.swift */; };
		BC80C74B09AF162470C5D144 /* Pods_GymSwift.framework in Frameworks */ = {isa = PBXBuildFile; fileRef = 26933D6F7FAA608A54832018 /* Pods_GymSwift.framework */; };
		E318512A273F289C006104E3 /* AppDelegate.swift in Sources */ = {isa = PBXBuildFile; fileRef = E3185129273F289C006104E3 /* AppDelegate.swift */; };
		E318512C273F289C006104E3 /* SceneDelegate.swift in Sources */ = {isa = PBXBuildFile; fileRef = E318512B273F289C006104E3 /* SceneDelegate.swift */; };
		E3185131273F289C006104E3 /* Main.storyboard in Resources */ = {isa = PBXBuildFile; fileRef = E318512F273F289C006104E3 /* Main.storyboard */; };
		E3185133273F289F006104E3 /* Assets.xcassets in Resources */ = {isa = PBXBuildFile; fileRef = E3185132273F289F006104E3 /* Assets.xcassets */; };
		E3185136273F289F006104E3 /* LaunchScreen.storyboard in Resources */ = {isa = PBXBuildFile; fileRef = E3185134273F289F006104E3 /* LaunchScreen.storyboard */; };
		E3272A3E273F466600E536F3 /* SignUpViewController.swift in Sources */ = {isa = PBXBuildFile; fileRef = E3272A3D273F466600E536F3 /* SignUpViewController.swift */; };
<<<<<<< HEAD
		E32CA9F327473B810052F16D /* ComposePostsViewController.swift in Sources */ = {isa = PBXBuildFile; fileRef = E32CA9F227473B810052F16D /* ComposePostsViewController.swift */; };
		E32CA9F6274747EA0052F16D /* PostCell.swift in Sources */ = {isa = PBXBuildFile; fileRef = E32CA9F5274747EA0052F16D /* PostCell.swift */; };
		E35722AB2747845200CD5ED4 /* FeedViewController.swift in Sources */ = {isa = PBXBuildFile; fileRef = E35722AA2747845200CD5ED4 /* FeedViewController.swift */; };
		E3831501276C7178002D3D94 /* ProfileViewController.swift in Sources */ = {isa = PBXBuildFile; fileRef = E3831500276C7178002D3D94 /* ProfileViewController.swift */; };
		E383150C276C765B002D3D94 /* ProfileCameraViewController.swift in Sources */ = {isa = PBXBuildFile; fileRef = E383150B276C765B002D3D94 /* ProfileCameraViewController.swift */; };
=======
		E327FCD72756B73500A95125 /* CommentCell.swift in Sources */ = {isa = PBXBuildFile; fileRef = E327FCD62756B73500A95125 /* CommentCell.swift */; };
		E32CA9EF274739180052F16D /* SettingsViewController.swift in Sources */ = {isa = PBXBuildFile; fileRef = E32CA9EE274739180052F16D /* SettingsViewController.swift */; };
		E32CA9F327473B810052F16D /* ComposePostsViewController.swift in Sources */ = {isa = PBXBuildFile; fileRef = E32CA9F227473B810052F16D /* ComposePostsViewController.swift */; };
		E32CA9F6274747EA0052F16D /* PostCell.swift in Sources */ = {isa = PBXBuildFile; fileRef = E32CA9F5274747EA0052F16D /* PostCell.swift */; };
		E35722AB2747845200CD5ED4 /* FeedViewController.swift in Sources */ = {isa = PBXBuildFile; fileRef = E35722AA2747845200CD5ED4 /* FeedViewController.swift */; };
>>>>>>> main
		E3A60EA12755E773008A6862 /* PostDetailsViewController.swift in Sources */ = {isa = PBXBuildFile; fileRef = E3A60EA02755E773008A6862 /* PostDetailsViewController.swift */; };
		E3A60EA42755F112008A6862 /* PostDetailsCommentCell.swift in Sources */ = {isa = PBXBuildFile; fileRef = E3A60EA32755F112008A6862 /* PostDetailsCommentCell.swift */; };
		E3BE1844273F2C4100D1FC98 /* LoginViewController.swift in Sources */ = {isa = PBXBuildFile; fileRef = E3BE1843273F2C4100D1FC98 /* LoginViewController.swift */; };
/* End PBXBuildFile section */

/* Begin PBXFileReference section */
		26933D6F7FAA608A54832018 /* Pods_GymSwift.framework */ = {isa = PBXFileReference; explicitFileType = wrapper.framework; includeInIndex = 0; path = Pods_GymSwift.framework; sourceTree = BUILT_PRODUCTS_DIR; };
		472F2339274C37FF00FE5448 /* MapViewController.swift */ = {isa = PBXFileReference; lastKnownFileType = sourcecode.swift; path = MapViewController.swift; sourceTree = "<group>"; };
		A271EE102742E73900A82F5E /* ExcerciseSelectionViewController.swift */ = {isa = PBXFileReference; lastKnownFileType = sourcecode.swift; path = ExcerciseSelectionViewController.swift; sourceTree = "<group>"; };
		CF4B939B22FE6E28B5F5607D /* Pods-GymSwift.debug.xcconfig */ = {isa = PBXFileReference; includeInIndex = 1; lastKnownFileType = text.xcconfig; name = "Pods-GymSwift.debug.xcconfig"; path = "Target Support Files/Pods-GymSwift/Pods-GymSwift.debug.xcconfig"; sourceTree = "<group>"; };
		E3185126273F289C006104E3 /* GymSwift.app */ = {isa = PBXFileReference; explicitFileType = wrapper.application; includeInIndex = 0; path = GymSwift.app; sourceTree = BUILT_PRODUCTS_DIR; };
		E3185129273F289C006104E3 /* AppDelegate.swift */ = {isa = PBXFileReference; lastKnownFileType = sourcecode.swift; path = AppDelegate.swift; sourceTree = "<group>"; };
		E318512B273F289C006104E3 /* SceneDelegate.swift */ = {isa = PBXFileReference; lastKnownFileType = sourcecode.swift; path = SceneDelegate.swift; sourceTree = "<group>"; };
		E3185130273F289C006104E3 /* Base */ = {isa = PBXFileReference; lastKnownFileType = file.storyboard; name = Base; path = Base.lproj/Main.storyboard; sourceTree = "<group>"; };
		E3185132273F289F006104E3 /* Assets.xcassets */ = {isa = PBXFileReference; lastKnownFileType = folder.assetcatalog; path = Assets.xcassets; sourceTree = "<group>"; };
		E3185135273F289F006104E3 /* Base */ = {isa = PBXFileReference; lastKnownFileType = file.storyboard; name = Base; path = Base.lproj/LaunchScreen.storyboard; sourceTree = "<group>"; };
		E3185137273F289F006104E3 /* Info.plist */ = {isa = PBXFileReference; lastKnownFileType = text.plist.xml; path = Info.plist; sourceTree = "<group>"; };
		E3272A3D273F466600E536F3 /* SignUpViewController.swift */ = {isa = PBXFileReference; lastKnownFileType = sourcecode.swift; path = SignUpViewController.swift; sourceTree = "<group>"; };
<<<<<<< HEAD
		E32CA9F227473B810052F16D /* ComposePostsViewController.swift */ = {isa = PBXFileReference; lastKnownFileType = sourcecode.swift; path = ComposePostsViewController.swift; sourceTree = "<group>"; };
		E32CA9F5274747EA0052F16D /* PostCell.swift */ = {isa = PBXFileReference; lastKnownFileType = sourcecode.swift; path = PostCell.swift; sourceTree = "<group>"; };
		E35722AA2747845200CD5ED4 /* FeedViewController.swift */ = {isa = PBXFileReference; lastKnownFileType = sourcecode.swift; path = FeedViewController.swift; sourceTree = "<group>"; };
		E3831500276C7178002D3D94 /* ProfileViewController.swift */ = {isa = PBXFileReference; lastKnownFileType = sourcecode.swift; path = ProfileViewController.swift; sourceTree = "<group>"; };
		E383150B276C765B002D3D94 /* ProfileCameraViewController.swift */ = {isa = PBXFileReference; lastKnownFileType = sourcecode.swift; path = ProfileCameraViewController.swift; sourceTree = "<group>"; };
=======
		E327FCD62756B73500A95125 /* CommentCell.swift */ = {isa = PBXFileReference; lastKnownFileType = sourcecode.swift; path = CommentCell.swift; sourceTree = "<group>"; };
		E32CA9EE274739180052F16D /* SettingsViewController.swift */ = {isa = PBXFileReference; lastKnownFileType = sourcecode.swift; path = SettingsViewController.swift; sourceTree = "<group>"; };
		E32CA9F227473B810052F16D /* ComposePostsViewController.swift */ = {isa = PBXFileReference; lastKnownFileType = sourcecode.swift; path = ComposePostsViewController.swift; sourceTree = "<group>"; };
		E32CA9F5274747EA0052F16D /* PostCell.swift */ = {isa = PBXFileReference; lastKnownFileType = sourcecode.swift; path = PostCell.swift; sourceTree = "<group>"; };
		E35722AA2747845200CD5ED4 /* FeedViewController.swift */ = {isa = PBXFileReference; lastKnownFileType = sourcecode.swift; path = FeedViewController.swift; sourceTree = "<group>"; };
>>>>>>> main
		E3A60EA02755E773008A6862 /* PostDetailsViewController.swift */ = {isa = PBXFileReference; lastKnownFileType = sourcecode.swift; path = PostDetailsViewController.swift; sourceTree = "<group>"; };
		E3A60EA32755F112008A6862 /* PostDetailsCommentCell.swift */ = {isa = PBXFileReference; lastKnownFileType = sourcecode.swift; path = PostDetailsCommentCell.swift; sourceTree = "<group>"; };
		E3BE1843273F2C4100D1FC98 /* LoginViewController.swift */ = {isa = PBXFileReference; lastKnownFileType = sourcecode.swift; path = LoginViewController.swift; sourceTree = "<group>"; };
		E70F705FD0B6CADCE7061EA1 /* Pods-GymSwift.release.xcconfig */ = {isa = PBXFileReference; includeInIndex = 1; lastKnownFileType = text.xcconfig; name = "Pods-GymSwift.release.xcconfig"; path = "Target Support Files/Pods-GymSwift/Pods-GymSwift.release.xcconfig"; sourceTree = "<group>"; };
/* End PBXFileReference section */

/* Begin PBXFrameworksBuildPhase section */
		E3185123273F289C006104E3 /* Frameworks */ = {
			isa = PBXFrameworksBuildPhase;
			buildActionMask = 2147483647;
			files = (
				BC80C74B09AF162470C5D144 /* Pods_GymSwift.framework in Frameworks */,
			);
			runOnlyForDeploymentPostprocessing = 0;
		};
/* End PBXFrameworksBuildPhase section */

/* Begin PBXGroup section */
		599FD0BCEE8E1C46C3D7B595 /* Pods */ = {
			isa = PBXGroup;
			children = (
				CF4B939B22FE6E28B5F5607D /* Pods-GymSwift.debug.xcconfig */,
				E70F705FD0B6CADCE7061EA1 /* Pods-GymSwift.release.xcconfig */,
			);
			path = Pods;
			sourceTree = "<group>";
		};
		E318511D273F289C006104E3 = {
			isa = PBXGroup;
			children = (
				E3185128273F289C006104E3 /* GymSwift */,
				E3185127273F289C006104E3 /* Products */,
				599FD0BCEE8E1C46C3D7B595 /* Pods */,
				E600A1903E2CFBF0F188D598 /* Frameworks */,
			);
			sourceTree = "<group>";
		};
		E3185127273F289C006104E3 /* Products */ = {
			isa = PBXGroup;
			children = (
				E3185126273F289C006104E3 /* GymSwift.app */,
			);
			name = Products;
			sourceTree = "<group>";
		};
		E3185128273F289C006104E3 /* GymSwift */ = {
			isa = PBXGroup;
			children = (
				E3AE296D274DC85D007430EC /* Setting */,
				E32CA9F127473B5F0052F16D /* Posts */,
				E3185129273F289C006104E3 /* AppDelegate.swift */,
				E318512B273F289C006104E3 /* SceneDelegate.swift */,
				E318512F273F289C006104E3 /* Main.storyboard */,
				E3185132273F289F006104E3 /* Assets.xcassets */,
				E3185134273F289F006104E3 /* LaunchScreen.storyboard */,
				E3185137273F289F006104E3 /* Info.plist */,
				E3BE1843273F2C4100D1FC98 /* LoginViewController.swift */,
				E3272A3D273F466600E536F3 /* SignUpViewController.swift */,
				A271EE102742E73900A82F5E /* ExcerciseSelectionViewController.swift */,
				472F2339274C37FF00FE5448 /* MapViewController.swift */,
				E3831500276C7178002D3D94 /* ProfileViewController.swift */,
				E383150B276C765B002D3D94 /* ProfileCameraViewController.swift */,
			);
			path = GymSwift;
			sourceTree = "<group>";
		};
		E32CA9F127473B5F0052F16D /* Posts */ = {
			isa = PBXGroup;
			children = (
				E32CA9F227473B810052F16D /* ComposePostsViewController.swift */,
				E32CA9F5274747EA0052F16D /* PostCell.swift */,
				E35722AA2747845200CD5ED4 /* FeedViewController.swift */,
				E3A60EA02755E773008A6862 /* PostDetailsViewController.swift */,
				E3A60EA32755F112008A6862 /* PostDetailsCommentCell.swift */,
<<<<<<< HEAD
=======
				E327FCD62756B73500A95125 /* CommentCell.swift */,
>>>>>>> main
			);
			path = Posts;
			sourceTree = "<group>";
		};
		E3AE296D274DC85D007430EC /* Setting */ = {
			isa = PBXGroup;
			children = (
				E32CA9EE274739180052F16D /* SettingsViewController.swift */,
			);
			path = Setting;
			sourceTree = "<group>";
		};
		E600A1903E2CFBF0F188D598 /* Frameworks */ = {
			isa = PBXGroup;
			children = (
				26933D6F7FAA608A54832018 /* Pods_GymSwift.framework */,
			);
			name = Frameworks;
			sourceTree = "<group>";
		};
/* End PBXGroup section */

/* Begin PBXNativeTarget section */
		E3185125273F289C006104E3 /* GymSwift */ = {
			isa = PBXNativeTarget;
			buildConfigurationList = E318513A273F289F006104E3 /* Build configuration list for PBXNativeTarget "GymSwift" */;
			buildPhases = (
				9B06A17183775939CF52F4A3 /* [CP] Check Pods Manifest.lock */,
				E3185122273F289C006104E3 /* Sources */,
				E3185123273F289C006104E3 /* Frameworks */,
				E3185124273F289C006104E3 /* Resources */,
				1D40B6C440317EDA47B28E23 /* [CP] Embed Pods Frameworks */,
			);
			buildRules = (
			);
			dependencies = (
			);
			name = GymSwift;
			productName = GymSwift;
			productReference = E3185126273F289C006104E3 /* GymSwift.app */;
			productType = "com.apple.product-type.application";
		};
/* End PBXNativeTarget section */

/* Begin PBXProject section */
		E318511E273F289C006104E3 /* Project object */ = {
			isa = PBXProject;
			attributes = {
				LastSwiftUpdateCheck = 1200;
				LastUpgradeCheck = 1200;
				TargetAttributes = {
					E3185125273F289C006104E3 = {
						CreatedOnToolsVersion = 12.0.1;
					};
				};
			};
			buildConfigurationList = E3185121273F289C006104E3 /* Build configuration list for PBXProject "GymSwift" */;
			compatibilityVersion = "Xcode 9.3";
			developmentRegion = en;
			hasScannedForEncodings = 0;
			knownRegions = (
				en,
				Base,
			);
			mainGroup = E318511D273F289C006104E3;
			productRefGroup = E3185127273F289C006104E3 /* Products */;
			projectDirPath = "";
			projectRoot = "";
			targets = (
				E3185125273F289C006104E3 /* GymSwift */,
			);
		};
/* End PBXProject section */

/* Begin PBXResourcesBuildPhase section */
		E3185124273F289C006104E3 /* Resources */ = {
			isa = PBXResourcesBuildPhase;
			buildActionMask = 2147483647;
			files = (
				E3185136273F289F006104E3 /* LaunchScreen.storyboard in Resources */,
				E3185133273F289F006104E3 /* Assets.xcassets in Resources */,
				E3185131273F289C006104E3 /* Main.storyboard in Resources */,
			);
			runOnlyForDeploymentPostprocessing = 0;
		};
/* End PBXResourcesBuildPhase section */

/* Begin PBXShellScriptBuildPhase section */
		1D40B6C440317EDA47B28E23 /* [CP] Embed Pods Frameworks */ = {
			isa = PBXShellScriptBuildPhase;
			buildActionMask = 2147483647;
			files = (
			);
			inputFileListPaths = (
				"${PODS_ROOT}/Target Support Files/Pods-GymSwift/Pods-GymSwift-frameworks-${CONFIGURATION}-input-files.xcfilelist",
			);
			name = "[CP] Embed Pods Frameworks";
			outputFileListPaths = (
				"${PODS_ROOT}/Target Support Files/Pods-GymSwift/Pods-GymSwift-frameworks-${CONFIGURATION}-output-files.xcfilelist",
			);
			runOnlyForDeploymentPostprocessing = 0;
			shellPath = /bin/sh;
			shellScript = "\"${PODS_ROOT}/Target Support Files/Pods-GymSwift/Pods-GymSwift-frameworks.sh\"\n";
			showEnvVarsInLog = 0;
		};
		9B06A17183775939CF52F4A3 /* [CP] Check Pods Manifest.lock */ = {
			isa = PBXShellScriptBuildPhase;
			buildActionMask = 2147483647;
			files = (
			);
			inputFileListPaths = (
			);
			inputPaths = (
				"${PODS_PODFILE_DIR_PATH}/Podfile.lock",
				"${PODS_ROOT}/Manifest.lock",
			);
			name = "[CP] Check Pods Manifest.lock";
			outputFileListPaths = (
			);
			outputPaths = (
				"$(DERIVED_FILE_DIR)/Pods-GymSwift-checkManifestLockResult.txt",
			);
			runOnlyForDeploymentPostprocessing = 0;
			shellPath = /bin/sh;
			shellScript = "diff \"${PODS_PODFILE_DIR_PATH}/Podfile.lock\" \"${PODS_ROOT}/Manifest.lock\" > /dev/null\nif [ $? != 0 ] ; then\n    # print error to STDERR\n    echo \"error: The sandbox is not in sync with the Podfile.lock. Run 'pod install' or update your CocoaPods installation.\" >&2\n    exit 1\nfi\n# This output is used by Xcode 'outputs' to avoid re-running this script phase.\necho \"SUCCESS\" > \"${SCRIPT_OUTPUT_FILE_0}\"\n";
			showEnvVarsInLog = 0;
		};
/* End PBXShellScriptBuildPhase section */

/* Begin PBXSourcesBuildPhase section */
		E3185122273F289C006104E3 /* Sources */ = {
			isa = PBXSourcesBuildPhase;
			buildActionMask = 2147483647;
			files = (
				E327FCD72756B73500A95125 /* CommentCell.swift in Sources */,
				E3BE1844273F2C4100D1FC98 /* LoginViewController.swift in Sources */,
				E35722AB2747845200CD5ED4 /* FeedViewController.swift in Sources */,
				A271EE112742E73900A82F5E /* ExcerciseSelectionViewController.swift in Sources */,
				472F233A274C37FF00FE5448 /* MapViewController.swift in Sources */,
				E318512A273F289C006104E3 /* AppDelegate.swift in Sources */,
				E32CA9F327473B810052F16D /* ComposePostsViewController.swift in Sources */,
				E383150C276C765B002D3D94 /* ProfileCameraViewController.swift in Sources */,
				E3831501276C7178002D3D94 /* ProfileViewController.swift in Sources */,
				E318512C273F289C006104E3 /* SceneDelegate.swift in Sources */,
				E3272A3E273F466600E536F3 /* SignUpViewController.swift in Sources */,
				E32CA9F6274747EA0052F16D /* PostCell.swift in Sources */,
				E3A60EA42755F112008A6862 /* PostDetailsCommentCell.swift in Sources */,
				E3A60EA12755E773008A6862 /* PostDetailsViewController.swift in Sources */,
			);
			runOnlyForDeploymentPostprocessing = 0;
		};
/* End PBXSourcesBuildPhase section */

/* Begin PBXVariantGroup section */
		E318512F273F289C006104E3 /* Main.storyboard */ = {
			isa = PBXVariantGroup;
			children = (
				E3185130273F289C006104E3 /* Base */,
			);
			name = Main.storyboard;
			sourceTree = "<group>";
		};
		E3185134273F289F006104E3 /* LaunchScreen.storyboard */ = {
			isa = PBXVariantGroup;
			children = (
				E3185135273F289F006104E3 /* Base */,
			);
			name = LaunchScreen.storyboard;
			sourceTree = "<group>";
		};
/* End PBXVariantGroup section */

/* Begin XCBuildConfiguration section */
		E3185138273F289F006104E3 /* Debug */ = {
			isa = XCBuildConfiguration;
			buildSettings = {
				ALWAYS_SEARCH_USER_PATHS = NO;
				CLANG_ANALYZER_NONNULL = YES;
				CLANG_ANALYZER_NUMBER_OBJECT_CONVERSION = YES_AGGRESSIVE;
				CLANG_CXX_LANGUAGE_STANDARD = "gnu++14";
				CLANG_CXX_LIBRARY = "libc++";
				CLANG_ENABLE_MODULES = YES;
				CLANG_ENABLE_OBJC_ARC = YES;
				CLANG_ENABLE_OBJC_WEAK = YES;
				CLANG_WARN_BLOCK_CAPTURE_AUTORELEASING = YES;
				CLANG_WARN_BOOL_CONVERSION = YES;
				CLANG_WARN_COMMA = YES;
				CLANG_WARN_CONSTANT_CONVERSION = YES;
				CLANG_WARN_DEPRECATED_OBJC_IMPLEMENTATIONS = YES;
				CLANG_WARN_DIRECT_OBJC_ISA_USAGE = YES_ERROR;
				CLANG_WARN_DOCUMENTATION_COMMENTS = YES;
				CLANG_WARN_EMPTY_BODY = YES;
				CLANG_WARN_ENUM_CONVERSION = YES;
				CLANG_WARN_INFINITE_RECURSION = YES;
				CLANG_WARN_INT_CONVERSION = YES;
				CLANG_WARN_NON_LITERAL_NULL_CONVERSION = YES;
				CLANG_WARN_OBJC_IMPLICIT_RETAIN_SELF = YES;
				CLANG_WARN_OBJC_LITERAL_CONVERSION = YES;
				CLANG_WARN_OBJC_ROOT_CLASS = YES_ERROR;
				CLANG_WARN_QUOTED_INCLUDE_IN_FRAMEWORK_HEADER = YES;
				CLANG_WARN_RANGE_LOOP_ANALYSIS = YES;
				CLANG_WARN_STRICT_PROTOTYPES = YES;
				CLANG_WARN_SUSPICIOUS_MOVE = YES;
				CLANG_WARN_UNGUARDED_AVAILABILITY = YES_AGGRESSIVE;
				CLANG_WARN_UNREACHABLE_CODE = YES;
				CLANG_WARN__DUPLICATE_METHOD_MATCH = YES;
				COPY_PHASE_STRIP = NO;
				DEBUG_INFORMATION_FORMAT = dwarf;
				ENABLE_STRICT_OBJC_MSGSEND = YES;
				ENABLE_TESTABILITY = YES;
				GCC_C_LANGUAGE_STANDARD = gnu11;
				GCC_DYNAMIC_NO_PIC = NO;
				GCC_NO_COMMON_BLOCKS = YES;
				GCC_OPTIMIZATION_LEVEL = 0;
				GCC_PREPROCESSOR_DEFINITIONS = (
					"DEBUG=1",
					"$(inherited)",
				);
				GCC_WARN_64_TO_32_BIT_CONVERSION = YES;
				GCC_WARN_ABOUT_RETURN_TYPE = YES_ERROR;
				GCC_WARN_UNDECLARED_SELECTOR = YES;
				GCC_WARN_UNINITIALIZED_AUTOS = YES_AGGRESSIVE;
				GCC_WARN_UNUSED_FUNCTION = YES;
				GCC_WARN_UNUSED_VARIABLE = YES;
				IPHONEOS_DEPLOYMENT_TARGET = 14.0;
				MTL_ENABLE_DEBUG_INFO = INCLUDE_SOURCE;
				MTL_FAST_MATH = YES;
				ONLY_ACTIVE_ARCH = YES;
				SDKROOT = iphoneos;
				SWIFT_ACTIVE_COMPILATION_CONDITIONS = DEBUG;
				SWIFT_OPTIMIZATION_LEVEL = "-Onone";
			};
			name = Debug;
		};
		E3185139273F289F006104E3 /* Release */ = {
			isa = XCBuildConfiguration;
			buildSettings = {
				ALWAYS_SEARCH_USER_PATHS = NO;
				CLANG_ANALYZER_NONNULL = YES;
				CLANG_ANALYZER_NUMBER_OBJECT_CONVERSION = YES_AGGRESSIVE;
				CLANG_CXX_LANGUAGE_STANDARD = "gnu++14";
				CLANG_CXX_LIBRARY = "libc++";
				CLANG_ENABLE_MODULES = YES;
				CLANG_ENABLE_OBJC_ARC = YES;
				CLANG_ENABLE_OBJC_WEAK = YES;
				CLANG_WARN_BLOCK_CAPTURE_AUTORELEASING = YES;
				CLANG_WARN_BOOL_CONVERSION = YES;
				CLANG_WARN_COMMA = YES;
				CLANG_WARN_CONSTANT_CONVERSION = YES;
				CLANG_WARN_DEPRECATED_OBJC_IMPLEMENTATIONS = YES;
				CLANG_WARN_DIRECT_OBJC_ISA_USAGE = YES_ERROR;
				CLANG_WARN_DOCUMENTATION_COMMENTS = YES;
				CLANG_WARN_EMPTY_BODY = YES;
				CLANG_WARN_ENUM_CONVERSION = YES;
				CLANG_WARN_INFINITE_RECURSION = YES;
				CLANG_WARN_INT_CONVERSION = YES;
				CLANG_WARN_NON_LITERAL_NULL_CONVERSION = YES;
				CLANG_WARN_OBJC_IMPLICIT_RETAIN_SELF = YES;
				CLANG_WARN_OBJC_LITERAL_CONVERSION = YES;
				CLANG_WARN_OBJC_ROOT_CLASS = YES_ERROR;
				CLANG_WARN_QUOTED_INCLUDE_IN_FRAMEWORK_HEADER = YES;
				CLANG_WARN_RANGE_LOOP_ANALYSIS = YES;
				CLANG_WARN_STRICT_PROTOTYPES = YES;
				CLANG_WARN_SUSPICIOUS_MOVE = YES;
				CLANG_WARN_UNGUARDED_AVAILABILITY = YES_AGGRESSIVE;
				CLANG_WARN_UNREACHABLE_CODE = YES;
				CLANG_WARN__DUPLICATE_METHOD_MATCH = YES;
				COPY_PHASE_STRIP = NO;
				DEBUG_INFORMATION_FORMAT = "dwarf-with-dsym";
				ENABLE_NS_ASSERTIONS = NO;
				ENABLE_STRICT_OBJC_MSGSEND = YES;
				GCC_C_LANGUAGE_STANDARD = gnu11;
				GCC_NO_COMMON_BLOCKS = YES;
				GCC_WARN_64_TO_32_BIT_CONVERSION = YES;
				GCC_WARN_ABOUT_RETURN_TYPE = YES_ERROR;
				GCC_WARN_UNDECLARED_SELECTOR = YES;
				GCC_WARN_UNINITIALIZED_AUTOS = YES_AGGRESSIVE;
				GCC_WARN_UNUSED_FUNCTION = YES;
				GCC_WARN_UNUSED_VARIABLE = YES;
				IPHONEOS_DEPLOYMENT_TARGET = 14.0;
				MTL_ENABLE_DEBUG_INFO = NO;
				MTL_FAST_MATH = YES;
				SDKROOT = iphoneos;
				SWIFT_COMPILATION_MODE = wholemodule;
				SWIFT_OPTIMIZATION_LEVEL = "-O";
				VALIDATE_PRODUCT = YES;
			};
			name = Release;
		};
		E318513B273F289F006104E3 /* Debug */ = {
			isa = XCBuildConfiguration;
			baseConfigurationReference = CF4B939B22FE6E28B5F5607D /* Pods-GymSwift.debug.xcconfig */;
			buildSettings = {
				ASSETCATALOG_COMPILER_APPICON_NAME = AppIcon;
				ASSETCATALOG_COMPILER_GLOBAL_ACCENT_COLOR_NAME = AccentColor;
				CODE_SIGN_STYLE = Automatic;
				INFOPLIST_FILE = GymSwift/Info.plist;
				LD_RUNPATH_SEARCH_PATHS = (
					"$(inherited)",
					"@executable_path/Frameworks",
				);
				PRODUCT_BUNDLE_IDENTIFIER = None.GymSwift;
				PRODUCT_NAME = "$(TARGET_NAME)";
				SWIFT_VERSION = 5.0;
				TARGETED_DEVICE_FAMILY = "1,2";
			};
			name = Debug;
		};
		E318513C273F289F006104E3 /* Release */ = {
			isa = XCBuildConfiguration;
			baseConfigurationReference = E70F705FD0B6CADCE7061EA1 /* Pods-GymSwift.release.xcconfig */;
			buildSettings = {
				ASSETCATALOG_COMPILER_APPICON_NAME = AppIcon;
				ASSETCATALOG_COMPILER_GLOBAL_ACCENT_COLOR_NAME = AccentColor;
				CODE_SIGN_STYLE = Automatic;
				INFOPLIST_FILE = GymSwift/Info.plist;
				LD_RUNPATH_SEARCH_PATHS = (
					"$(inherited)",
					"@executable_path/Frameworks",
				);
				PRODUCT_BUNDLE_IDENTIFIER = None.GymSwift;
				PRODUCT_NAME = "$(TARGET_NAME)";
				SWIFT_VERSION = 5.0;
				TARGETED_DEVICE_FAMILY = "1,2";
			};
			name = Release;
		};
/* End XCBuildConfiguration section */

/* Begin XCConfigurationList section */
		E3185121273F289C006104E3 /* Build configuration list for PBXProject "GymSwift" */ = {
			isa = XCConfigurationList;
			buildConfigurations = (
				E3185138273F289F006104E3 /* Debug */,
				E3185139273F289F006104E3 /* Release */,
			);
			defaultConfigurationIsVisible = 0;
			defaultConfigurationName = Release;
		};
		E318513A273F289F006104E3 /* Build configuration list for PBXNativeTarget "GymSwift" */ = {
			isa = XCConfigurationList;
			buildConfigurations = (
				E318513B273F289F006104E3 /* Debug */,
				E318513C273F289F006104E3 /* Release */,
			);
			defaultConfigurationIsVisible = 0;
			defaultConfigurationName = Release;
		};
/* End XCConfigurationList section */
	};
	rootObject = E318511E273F289C006104E3 /* Project object */;
}
